
Microsoft Visual Studio Solution File, Format Version 12.00
# Visual Studio Version 17
VisualStudioVersion = 17.3.32922.545
MinimumVisualStudioVersion = 10.0.40219.1
Project("{FAE04EC0-301F-11D3-BF4B-00C04F79EFBC}") = "Football", "Football\Football.csproj", "{27D5741A-091F-4735-9939-C09D8078D5CB}"
EndProject
Global
	GlobalSection(SolutionConfigurationPlatforms) = preSolution
		Debug|Any CPU = Debug|Any CPU
		Release|Any CPU = Release|Any CPU
	EndGlobalSection
	GlobalSection(ProjectConfigurationPlatforms) = postSolution
		{27D5741A-091F-4735-9939-C09D8078D5CB}.Debug|Any CPU.ActiveCfg = Debug|Any CPU
		{27D5741A-091F-4735-9939-C09D8078D5CB}.Debug|Any CPU.Build.0 = Debug|Any CPU
		{27D5741A-091F-4735-9939-C09D8078D5CB}.Release|Any CPU.ActiveCfg = Release|Any CPU
		{27D5741A-091F-4735-9939-C09D8078D5CB}.Release|Any CPU.Build.0 = Release|Any CPU
	EndGlobalSection
	GlobalSection(SolutionProperties) = preSolution
		HideSolutionNode = FALSE
	EndGlobalSection
	GlobalSection(ExtensibilityGlobals) = postSolution
		SolutionGuid = {B9FD9211-5010-47C7-8A2A-78342C5AE29F}
	EndGlobalSection
EndGlobal
